
Microsoft Visual Studio Solution File, Format Version 12.00
# Visual Studio 2013
VisualStudioVersion = 12.0.30723.0
MinimumVisualStudioVersion = 10.0.40219.1
Project("{FAE04EC0-301F-11D3-BF4B-00C04F79EFBC}") = "ConsoleMenu", "ConsoleMenu\ConsoleMenu.csproj", "{B78D460C-EB1A-482E-B4A8-A46A0370291E}"
EndProject
Project("{FAE04EC0-301F-11D3-BF4B-00C04F79EFBC}") = "ConsoleMenuTests", "ConsoleMenuTests\ConsoleMenuTests.csproj", "{B44EBA98-13A2-4313-85FC-40062504D7F6}"
EndProject
Global
	GlobalSection(SolutionConfigurationPlatforms) = preSolution
		Debug|Any CPU = Debug|Any CPU
		Release|Any CPU = Release|Any CPU
	EndGlobalSection
	GlobalSection(ProjectConfigurationPlatforms) = postSolution
		{B78D460C-EB1A-482E-B4A8-A46A0370291E}.Debug|Any CPU.ActiveCfg = Debug|Any CPU
		{B78D460C-EB1A-482E-B4A8-A46A0370291E}.Debug|Any CPU.Build.0 = Debug|Any CPU
		{B78D460C-EB1A-482E-B4A8-A46A0370291E}.Release|Any CPU.ActiveCfg = Release|Any CPU
		{B78D460C-EB1A-482E-B4A8-A46A0370291E}.Release|Any CPU.Build.0 = Release|Any CPU
		{B44EBA98-13A2-4313-85FC-40062504D7F6}.Debug|Any CPU.ActiveCfg = Debug|Any CPU
		{B44EBA98-13A2-4313-85FC-40062504D7F6}.Debug|Any CPU.Build.0 = Debug|Any CPU
		{B44EBA98-13A2-4313-85FC-40062504D7F6}.Release|Any CPU.ActiveCfg = Release|Any CPU
		{B44EBA98-13A2-4313-85FC-40062504D7F6}.Release|Any CPU.Build.0 = Release|Any CPU
	EndGlobalSection
	GlobalSection(SolutionProperties) = preSolution
		HideSolutionNode = FALSE
	EndGlobalSection
EndGlobal
